{
  "name": "bitmap-escpos",
  "version": "1.0.0",
  "lockfileVersion": 2,
  "requires": true,
  "packages": {
    "": {
      "name": "bitmap-escpos",
      "version": "1.0.0",
      "license": "ISC",
      "dependencies": {
        "html-to-image": "^1.10.8"
      }
    },
    "node_modules/html-to-image": {
      "version": "1.10.8",
      "resolved": "https://registry.npmjs.org/html-to-image/-/html-to-image-1.10.8.tgz",
      "integrity": "sha512-t+JyFJwKDCp4ZwBp4iC/wqw0meQDDc77Qs8OFl5P7RGlIP3LQMvwpD7VXxqQfC7/TfC+GKYlFP6WDYfXTmXHfw=="
    }
  },
  "dependencies": {
    "html-to-image": {
      "version": "1.10.8",
      "resolved": "https://registry.npmjs.org/html-to-image/-/html-to-image-1.10.8.tgz",
      "integrity": "sha512-t+JyFJwKDCp4ZwBp4iC/wqw0meQDDc77Qs8OFl5P7RGlIP3LQMvwpD7VXxqQfC7/TfC+GKYlFP6WDYfXTmXHfw=="
    }
  }
}
